
Microsoft Visual Studio Solution File, Format Version 12.00
# Visual Studio Version 17
VisualStudioVersion = 17.14.36915.13 d17.14
MinimumVisualStudioVersion = 10.0.40219.1
Project("{FAE04EC0-301F-11D3-BF4B-00C04F79EFBC}") = "ApiSimexCsharp", "ApiSimexCsharp.csproj", "{6EB01C85-8D4D-4358-91F4-408C460B633C}"
EndProject
Global
	GlobalSection(SolutionConfigurationPlatforms) = preSolution
		Debug|Any CPU = Debug|Any CPU
		Release|Any CPU = Release|Any CPU
	EndGlobalSection
	GlobalSection(ProjectConfigurationPlatforms) = postSolution
		{6EB01C85-8D4D-4358-91F4-408C460B633C}.Debug|Any CPU.ActiveCfg = Debug|Any CPU
		{6EB01C85-8D4D-4358-91F4-408C460B633C}.Debug|Any CPU.Build.0 = Debug|Any CPU
		{6EB01C85-8D4D-4358-91F4-408C460B633C}.Release|Any CPU.ActiveCfg = Release|Any CPU
		{6EB01C85-8D4D-4358-91F4-408C460B633C}.Release|Any CPU.Build.0 = Release|Any CPU
	EndGlobalSection
	GlobalSection(SolutionProperties) = preSolution
		HideSolutionNode = FALSE
	EndGlobalSection
	GlobalSection(ExtensibilityGlobals) = postSolution
		SolutionGuid = {246F1011-5E58-429C-97AD-4C2A3B3186CD}
	EndGlobalSection
EndGlobal
